
Microsoft Visual Studio Solution File, Format Version 12.00
# Visual Studio Version 17
VisualStudioVersion = 17.8.34330.188
MinimumVisualStudioVersion = 10.0.40219.1
Project("{FAE04EC0-301F-11D3-BF4B-00C04F79EFBC}") = "brrr", "brrr\brrr.csproj", "{9DCDAE83-9C28-404D-85BD-F05FF4ABC6F8}"
EndProject
Global
	GlobalSection(SolutionConfigurationPlatforms) = preSolution
		Debug|Any CPU = Debug|Any CPU
		Release|Any CPU = Release|Any CPU
	EndGlobalSection
	GlobalSection(ProjectConfigurationPlatforms) = postSolution
		{9DCDAE83-9C28-404D-85BD-F05FF4ABC6F8}.Debug|Any CPU.ActiveCfg = Debug|Any CPU
		{9DCDAE83-9C28-404D-85BD-F05FF4ABC6F8}.Debug|Any CPU.Build.0 = Debug|Any CPU
		{9DCDAE83-9C28-404D-85BD-F05FF4ABC6F8}.Release|Any CPU.ActiveCfg = Release|Any CPU
		{9DCDAE83-9C28-404D-85BD-F05FF4ABC6F8}.Release|Any CPU.Build.0 = Release|Any CPU
	EndGlobalSection
	GlobalSection(SolutionProperties) = preSolution
		HideSolutionNode = FALSE
	EndGlobalSection
	GlobalSection(ExtensibilityGlobals) = postSolution
		SolutionGuid = {6B9B9440-B433-44AD-89F2-F23951C27CE3}
	EndGlobalSection
EndGlobal
